
Microsoft Visual Studio Solution File, Format Version 12.00
# Visual Studio Version 17
VisualStudioVersion = 17.9.34728.123
MinimumVisualStudioVersion = 10.0.40219.1
Project("{FAE04EC0-301F-11D3-BF4B-00C04F79EFBC}") = "CadastroClienteAPI", "CadastroClienteAPI\CadastroClienteAPI.csproj", "{05784E0E-BB86-4482-B9BA-3B217EB81C6B}"
EndProject
Global
	GlobalSection(SolutionConfigurationPlatforms) = preSolution
		Debug|Any CPU = Debug|Any CPU
		Release|Any CPU = Release|Any CPU
	EndGlobalSection
	GlobalSection(ProjectConfigurationPlatforms) = postSolution
		{05784E0E-BB86-4482-B9BA-3B217EB81C6B}.Debug|Any CPU.ActiveCfg = Debug|Any CPU
		{05784E0E-BB86-4482-B9BA-3B217EB81C6B}.Debug|Any CPU.Build.0 = Debug|Any CPU
		{05784E0E-BB86-4482-B9BA-3B217EB81C6B}.Release|Any CPU.ActiveCfg = Release|Any CPU
		{05784E0E-BB86-4482-B9BA-3B217EB81C6B}.Release|Any CPU.Build.0 = Release|Any CPU
	EndGlobalSection
	GlobalSection(SolutionProperties) = preSolution
		HideSolutionNode = FALSE
	EndGlobalSection
	GlobalSection(ExtensibilityGlobals) = postSolution
		SolutionGuid = {EE7D8FB0-063A-460B-8939-043D26190F5A}
	EndGlobalSection
EndGlobal
